
Microsoft Visual Studio Solution File, Format Version 12.00
# Visual Studio 15
VisualStudioVersion = 15.0.28307.168
MinimumVisualStudioVersion = 10.0.40219.1
Project("{FAE04EC0-301F-11D3-BF4B-00C04F79EFBC}") = "ArtworkGallery", "ArtworkGallery\ArtworkGallery.csproj", "{19D545B8-E67B-4D8E-A435-EE8E05A0A6C6}"
EndProject
Global
	GlobalSection(SolutionConfigurationPlatforms) = preSolution
		Debug|Any CPU = Debug|Any CPU
		Release|Any CPU = Release|Any CPU
	EndGlobalSection
	GlobalSection(ProjectConfigurationPlatforms) = postSolution
		{19D545B8-E67B-4D8E-A435-EE8E05A0A6C6}.Debug|Any CPU.ActiveCfg = Debug|Any CPU
		{19D545B8-E67B-4D8E-A435-EE8E05A0A6C6}.Debug|Any CPU.Build.0 = Debug|Any CPU
		{19D545B8-E67B-4D8E-A435-EE8E05A0A6C6}.Release|Any CPU.ActiveCfg = Release|Any CPU
		{19D545B8-E67B-4D8E-A435-EE8E05A0A6C6}.Release|Any CPU.Build.0 = Release|Any CPU
	EndGlobalSection
	GlobalSection(SolutionProperties) = preSolution
		HideSolutionNode = FALSE
	EndGlobalSection
	GlobalSection(ExtensibilityGlobals) = postSolution
		SolutionGuid = {A2617F93-FE44-49CA-B84C-24CF17F6E7AA}
	EndGlobalSection
EndGlobal
